
Microsoft Visual Studio Solution File, Format Version 12.00
# Visual Studio Version 16
VisualStudioVersion = 16.0.31515.178
MinimumVisualStudioVersion = 10.0.40219.1
Project("{8BC9CEB8-8B4A-11D0-8D11-00A0C91BC942}") = "git校园导游系统", "git校园导游系统.vcxproj", "{E67EBF6A-7459-4489-B1F0-9161EA5399FA}"
EndProject
Global
	GlobalSection(SolutionConfigurationPlatforms) = preSolution
		Debug|x64 = Debug|x64
		Debug|x86 = Debug|x86
		Release|x64 = Release|x64
		Release|x86 = Release|x86
	EndGlobalSection
	GlobalSection(ProjectConfigurationPlatforms) = postSolution
		{E67EBF6A-7459-4489-B1F0-9161EA5399FA}.Debug|x64.ActiveCfg = Debug|x64
		{E67EBF6A-7459-4489-B1F0-9161EA5399FA}.Debug|x64.Build.0 = Debug|x64
		{E67EBF6A-7459-4489-B1F0-9161EA5399FA}.Debug|x86.ActiveCfg = Debug|Win32
		{E67EBF6A-7459-4489-B1F0-9161EA5399FA}.Debug|x86.Build.0 = Debug|Win32
		{E67EBF6A-7459-4489-B1F0-9161EA5399FA}.Release|x64.ActiveCfg = Release|x64
		{E67EBF6A-7459-4489-B1F0-9161EA5399FA}.Release|x64.Build.0 = Release|x64
		{E67EBF6A-7459-4489-B1F0-9161EA5399FA}.Release|x86.ActiveCfg = Release|Win32
		{E67EBF6A-7459-4489-B1F0-9161EA5399FA}.Release|x86.Build.0 = Release|Win32
	EndGlobalSection
	GlobalSection(SolutionProperties) = preSolution
		HideSolutionNode = FALSE
	EndGlobalSection
	GlobalSection(ExtensibilityGlobals) = postSolution
		SolutionGuid = {CB331B32-48F7-4C45-B8AD-EE0DD36D2AF4}
	EndGlobalSection
EndGlobal
